<?xml version="1.0" encoding="utf-8"?>
<Project ToolsVersion="4.0" xmlns="http://schemas.microsoft.com/developer/msbuild/2003">
  <ItemGroup>
    <Filter Include="Source Files">
      <UniqueIdentifier>{4FC737F1-C7A5-4376-A066-2A32D752A2FF}</UniqueIdentifier>
      <Extensions>cpp;c;cc;cxx;def;odl;idl;hpj;bat;asm;asmx</Extensions>
    </Filter>
    <Filter Include="Header Files">
      <UniqueIdentifier>{93995380-89BD-4b04-88EB-625FBE52EBFB}</UniqueIdentifier>
      <Extensions>h;hh;hpp;hxx;hm;inl;inc;xsd</Extensions>
    </Filter>
    <Filter Include="Resource Files">
      <UniqueIdentifier>{67DA6AB6-F800-4c08-8B7A-83BB121AAD01}</UniqueIdentifier>
      <Extensions>rc;ico;cur;bmp;dlg;rc2;rct;bin;rgs;gif;jpg;jpeg;jpe;resx;tiff;tif;png;wav;mfcribbon-ms</Extensions>
    </Filter>
    <Filter Include="Resource Files\Terrain">
      <UniqueIdentifier>{c93fff1f-da1d-4de2-b113-4b8df1262ad8}</UniqueIdentifier>
    </Filter>
    <Filter Include="Resource Files\Texture">
      <UniqueIdentifier>{bc38dee3-85c4-4068-8e1b-d741039ff7bb}</UniqueIdentifier>
    </Filter>
    <Filter Include="Resource Files\Depth">
      <UniqueIdentifier>{20ccb7ac-cb33-4c4e-8c3b-fbcc2387b93b}</UniqueIdentifier>
    </Filter>
    <Filter Include="Resource Files\Light">
      <UniqueIdentifier>{408232ee-8ef3-492d-9acc-14e4ce4a9cf5}</UniqueIdentifier>
    </Filter>
    <Filter Include="Resource Files\Shadow">
      <UniqueIdentifier>{3554980b-89e7-4981-9da4-2f3e49bfbc2b}</UniqueIdentifier>
    </Filter>
    <Filter Include="Resource Files\Explosion">
      <UniqueIdentifier>{f8ec16ed-2d3e-4514-b0b1-66a7e4e4718d}</UniqueIdentifier>
    </Filter>
    <Filter Include="Resource Files\DoF/Blur">
      <UniqueIdentifier>{4e6aaab6-4aa4-46e8-9ef9-09c686d8c15c}</UniqueIdentifier>
    </Filter>
  </ItemGroup>
  <ItemGroup>
    <ClCompile Include="App1.cpp">
      <Filter>Source Files</Filter>
    </ClCompile>
    <ClCompile Include="Main.cpp">
      <Filter>Source Files</Filter>
    </ClCompile>
    <ClCompile Include="LightShader.cpp">
      <Filter>Source Files</Filter>
    </ClCompile>
    <ClCompile Include="TessellatedPlane.cpp">
      <Filter>Source Files</Filter>
    </ClCompile>
    <ClCompile Include="TerrainShader.cpp">
      <Filter>Source Files</Filter>
    </ClCompile>
    <ClCompile Include="TextureShader.cpp">
      <Filter>Source Files</Filter>
    </ClCompile>
    <ClCompile Include="DepthShader.cpp">
      <Filter>Source Files</Filter>
    </ClCompile>
    <ClCompile Include="ShadowShader.cpp">
      <Filter>Source Files</Filter>
    </ClCompile>
    <ClCompile Include="ExplosionShader.cpp">
      <Filter>Source Files</Filter>
    </ClCompile>
    <ClCompile Include="BlurShader.cpp">
      <Filter>Source Files</Filter>
    </ClCompile>
    <ClCompile Include="DoFShader.cpp">
      <Filter>Source Files</Filter>
    </ClCompile>
    <ClCompile Include="Explosion.cpp">
      <Filter>Source Files</Filter>
    </ClCompile>
  </ItemGroup>
  <ItemGroup>
    <ClInclude Include="App1.h">
      <Filter>Header Files</Filter>
    </ClInclude>
    <ClInclude Include="LightShader.h">
      <Filter>Header Files</Filter>
    </ClInclude>
    <ClInclude Include="TessellatedPlane.h">
      <Filter>Header Files</Filter>
    </ClInclude>
    <ClInclude Include="TerrainShader.h">
      <Filter>Header Files</Filter>
    </ClInclude>
    <ClInclude Include="TextureShader.h">
      <Filter>Header Files</Filter>
    </ClInclude>
    <ClInclude Include="DepthShader.h">
      <Filter>Header Files</Filter>
    </ClInclude>
    <ClInclude Include="ShadowShader.h">
      <Filter>Header Files</Filter>
    </ClInclude>
    <ClInclude Include="ExplosionShader.h">
      <Filter>Header Files</Filter>
    </ClInclude>
    <ClInclude Include="BlurShader.h">
      <Filter>Header Files</Filter>
    </ClInclude>
    <ClInclude Include="DoFShader.h">
      <Filter>Header Files</Filter>
    </ClInclude>
    <ClInclude Include="Explosion.h">
      <Filter>Header Files</Filter>
    </ClInclude>
  </ItemGroup>
  <ItemGroup>
    <FxCompile Include="terrain_vs.hlsl">
      <Filter>Resource Files\Terrain</Filter>
    </FxCompile>
    <FxCompile Include="terrain_hs.hlsl">
      <Filter>Resource Files\Terrain</Filter>
    </FxCompile>
    <FxCompile Include="terrain_ds.hlsl">
      <Filter>Resource Files\Terrain</Filter>
    </FxCompile>
    <FxCompile Include="terrain_gs.hlsl">
      <Filter>Resource Files\Terrain</Filter>
    </FxCompile>
    <FxCompile Include="terrain_ps.hlsl">
      <Filter>Resource Files\Terrain</Filter>
    </FxCompile>
    <FxCompile Include="texture_vs.hlsl">
      <Filter>Resource Files\Texture</Filter>
    </FxCompile>
    <FxCompile Include="texture_ps.hlsl">
      <Filter>Resource Files\Texture</Filter>
    </FxCompile>
    <FxCompile Include="depth_ps.hlsl">
      <Filter>Resource Files\Depth</Filter>
    </FxCompile>
    <FxCompile Include="depth_vs.hlsl">
      <Filter>Resource Files\Depth</Filter>
    </FxCompile>
    <FxCompile Include="light_ps.hlsl">
      <Filter>Resource Files\Light</Filter>
    </FxCompile>
    <FxCompile Include="light_vs.hlsl">
      <Filter>Resource Files\Light</Filter>
    </FxCompile>
    <FxCompile Include="shadow_vs.hlsl">
      <Filter>Resource Files\Shadow</Filter>
    </FxCompile>
    <FxCompile Include="shadow_ps.hlsl">
      <Filter>Resource Files\Shadow</Filter>
    </FxCompile>
    <FxCompile Include="explosion_vs.hlsl">
      <Filter>Resource Files\Explosion</Filter>
    </FxCompile>
    <FxCompile Include="explosion_ps.hlsl">
      <Filter>Resource Files\Explosion</Filter>
    </FxCompile>
    <FxCompile Include="blur_vs.hlsl">
      <Filter>Resource Files\DoF/Blur</Filter>
    </FxCompile>
    <FxCompile Include="blur_ps.hlsl">
      <Filter>Resource Files\DoF/Blur</Filter>
    </FxCompile>
    <FxCompile Include="DoF_ps.hlsl">
      <Filter>Resource Files\DoF/Blur</Filter>
    </FxCompile>
  </ItemGroup>
</Project>